
Microsoft Visual Studio Solution File, Format Version 12.00
# Visual Studio 15
VisualStudioVersion = 15.0.28010.2050
MinimumVisualStudioVersion = 10.0.40219.1
Project("{FAE04EC0-301F-11D3-BF4B-00C04F79EFBC}") = "2.4", "2.4\2.4.csproj", "{B4B97C72-6CB2-4040-AE1B-BC006D6234E9}"
EndProject
Global
	GlobalSection(SolutionConfigurationPlatforms) = preSolution
		Debug|Any CPU = Debug|Any CPU
		Release|Any CPU = Release|Any CPU
	EndGlobalSection
	GlobalSection(ProjectConfigurationPlatforms) = postSolution
		{B4B97C72-6CB2-4040-AE1B-BC006D6234E9}.Debug|Any CPU.ActiveCfg = Debug|Any CPU
		{B4B97C72-6CB2-4040-AE1B-BC006D6234E9}.Debug|Any CPU.Build.0 = Debug|Any CPU
		{B4B97C72-6CB2-4040-AE1B-BC006D6234E9}.Release|Any CPU.ActiveCfg = Release|Any CPU
		{B4B97C72-6CB2-4040-AE1B-BC006D6234E9}.Release|Any CPU.Build.0 = Release|Any CPU
	EndGlobalSection
	GlobalSection(SolutionProperties) = preSolution
		HideSolutionNode = FALSE
	EndGlobalSection
	GlobalSection(ExtensibilityGlobals) = postSolution
		SolutionGuid = {CE0CADAC-FE19-456F-80A0-D021ECDC7ADE}
	EndGlobalSection
EndGlobal
